
Microsoft Visual Studio Solution File, Format Version 12.00
# Visual Studio Version 17
VisualStudioVersion = 17.14.36429.23
MinimumVisualStudioVersion = 10.0.40219.1
Project("{2150E333-8FDC-42A3-9474-1A3956D46DE8}") = "Task2", "Task2", "{02EA681E-C7D8-13C7-8484-4AC65E1B71E8}"
EndProject
Project("{FAE04EC0-301F-11D3-BF4B-00C04F79EFBC}") = "Tyuiu.KhafizovTV.Sprint0.Task2.V0", "Tyuiu.KhafizovTV.Sprint0.Task2.V0\Tyuiu.KhafizovTV.Sprint0.Task2.V0.csproj", "{B3EF7915-9744-4ABE-9F14-2EE9C7003D1C}"
EndProject
Project("{FAE04EC0-301F-11D3-BF4B-00C04F79EFBC}") = "Tyuiu.KhafizovTV.Sprint0.Task2.V0.Lib", "Tyuiu.KhafizovTV.Sprint0.Task2.V0.Lib\Tyuiu.KhafizovTV.Sprint0.Task2.V0.Lib.csproj", "{82E22C98-E9E7-47ED-AE84-1D430DEC0B57}"
EndProject
Project("{FAE04EC0-301F-11D3-BF4B-00C04F79EFBC}") = "Tyuiu.KhafizovTV.Sprint0.Task2.V0.Test", "Tyuiu.KhafizovTV.Sprint0.Task2.V0.Test\Tyuiu.KhafizovTV.Sprint0.Task2.V0.Test.csproj", "{098C0847-91A7-443D-9445-243E9D76DD36}"
EndProject
Project("{2150E333-8FDC-42A3-9474-1A3956D46DE8}") = "Task3", "Task3", "{C0443D3E-BE41-4AC2-B41D-1133E188DD08}"
EndProject
Project("{FAE04EC0-301F-11D3-BF4B-00C04F79EFBC}") = "Tyuiu.KhafizovTV.Sprint0.Task3.V0", "Tyuiu.KhafizovTV.Sprint0.Task3.V0\Tyuiu.KhafizovTV.Sprint0.Task3.V0.csproj", "{7858911C-BA95-48FD-800B-77AECAAE1540}"
EndProject
Project("{FAE04EC0-301F-11D3-BF4B-00C04F79EFBC}") = "Tyuiu.KhafizovTV.Sprint0.Task3.V0.Lib", "Tyuiu.KhafizovTV.Sprint0.Task3.V0.Lib\Tyuiu.KhafizovTV.Sprint0.Task3.V0.Lib.csproj", "{C3B64FA0-140E-40EA-8DBD-DC73649F7992}"
EndProject
Project("{FAE04EC0-301F-11D3-BF4B-00C04F79EFBC}") = "Tyuiu.KhafizovTV.Sprint0.Task3.V0.Test", "Tyuiu.KhafizovTV.Sprint0.Task3.V0.Test\Tyuiu.KhafizovTV.Sprint0.Task3.V0.Test.csproj", "{02BE6C64-E3B9-408C-91E6-3654E1B40F24}"
EndProject
Project("{2150E333-8FDC-42A3-9474-1A3956D46DE8}") = "Task0", "Task0", "{C22643E1-ADE3-4107-AB86-8C28D88D30AC}"
EndProject
Project("{FAE04EC0-301F-11D3-BF4B-00C04F79EFBC}") = "Tyuiu.KhafizovTV.Sprint0.Task0.V0", "Tyuiu.KhafizovTV.Sprint0.Task0.V0\Tyuiu.KhafizovTV.Sprint0.Task0.V0.csproj", "{36B337FD-D330-4437-8EF0-7FD86EC48728}"
EndProject
Project("{2150E333-8FDC-42A3-9474-1A3956D46DE8}") = "Task1", "Task1", "{B990D4A6-2F5D-46F6-8B0A-FA9C9849F931}"
EndProject
Project("{FAE04EC0-301F-11D3-BF4B-00C04F79EFBC}") = "Tyuiu.KhafizovTV.Sprint0.Task1.V0", "Tyuiu.KhafizovTV.Sprint0.Task1.V0\Tyuiu.KhafizovTV.Sprint0.Task1.V0.csproj", "{CA57979F-F997-44BC-B678-272E8C48E7A4}"
EndProject
Project("{2150E333-8FDC-42A3-9474-1A3956D46DE8}") = "Task4", "Task4", "{2FF57E31-F63F-4B26-9D17-301B6B094945}"
EndProject
Project("{FAE04EC0-301F-11D3-BF4B-00C04F79EFBC}") = "Tyuiu.KhafizovTV.Sprint0.Task4.V0", "Tyuiu.KhafizovTV.Sprint0.Task4.V0\Tyuiu.KhafizovTV.Sprint0.Task4.V0.csproj", "{C9E95C7F-9690-4423-A137-6DBAB5124997}"
EndProject
Project("{FAE04EC0-301F-11D3-BF4B-00C04F79EFBC}") = "Tyuiu.KhafizovTV.Sprint0.Task4.V0.Lib", "Tyuiu.KhafizovTV.Sprint0.Task4.V0.Lib\Tyuiu.KhafizovTV.Sprint0.Task4.V0.Lib.csproj", "{8D3D5D0F-DE97-4675-94F6-3D4648B1523D}"
EndProject
Project("{FAE04EC0-301F-11D3-BF4B-00C04F79EFBC}") = "Tyuiu.KhafizovTV.Sprint0.Task4.V0.Test", "Tyuiu.KhafizovTV.Sprint0.Task4.V0.Test\Tyuiu.KhafizovTV.Sprint0.Task4.V0.Test.csproj", "{2B96011B-9361-4D78-B021-4F63F6D5C352}"
EndProject
Project("{2150E333-8FDC-42A3-9474-1A3956D46DE8}") = "Task5", "Task5", "{4454236F-F891-4594-8ACD-3EE3F5D3E355}"
EndProject
Project("{FAE04EC0-301F-11D3-BF4B-00C04F79EFBC}") = "Tyuiu.KhafizovTV.Sprint0.Task5.V0", "Tyuiu.KhafizovTV.Sprint0.Task5.V0\Tyuiu.KhafizovTV.Sprint0.Task5.V0.csproj", "{524200F3-330F-4AE3-BB78-C00D6DFADDDB}"
EndProject
Project("{FAE04EC0-301F-11D3-BF4B-00C04F79EFBC}") = "Tyuiu.KhafizovTV.Sprint0.Task5.V0.Lib", "Tyuiu.KhafizovTV.Sprint0.Task5.V0.Lib\Tyuiu.KhafizovTV.Sprint0.Task5.V0.Lib.csproj", "{F6ED0833-0C06-4E92-8E28-9B9BDACFACFA}"
EndProject
Project("{FAE04EC0-301F-11D3-BF4B-00C04F79EFBC}") = "Tyuiu.KhafizovTV.Sprint0.Task5.V0.Test", "Tyuiu.KhafizovTV.Sprint0.Task5.V0.Test\Tyuiu.KhafizovTV.Sprint0.Task5.V0.Test.csproj", "{57591D4A-DDA7-4C0D-9414-3382D7B0CAE2}"
EndProject
Global
	GlobalSection(SolutionConfigurationPlatforms) = preSolution
		Debug|Any CPU = Debug|Any CPU
		Release|Any CPU = Release|Any CPU
	EndGlobalSection
	GlobalSection(ProjectConfigurationPlatforms) = postSolution
		{B3EF7915-9744-4ABE-9F14-2EE9C7003D1C}.Debug|Any CPU.ActiveCfg = Debug|Any CPU
		{B3EF7915-9744-4ABE-9F14-2EE9C7003D1C}.Debug|Any CPU.Build.0 = Debug|Any CPU
		{B3EF7915-9744-4ABE-9F14-2EE9C7003D1C}.Release|Any CPU.ActiveCfg = Release|Any CPU
		{B3EF7915-9744-4ABE-9F14-2EE9C7003D1C}.Release|Any CPU.Build.0 = Release|Any CPU
		{82E22C98-E9E7-47ED-AE84-1D430DEC0B57}.Debug|Any CPU.ActiveCfg = Debug|Any CPU
		{82E22C98-E9E7-47ED-AE84-1D430DEC0B57}.Debug|Any CPU.Build.0 = Debug|Any CPU
		{82E22C98-E9E7-47ED-AE84-1D430DEC0B57}.Release|Any CPU.ActiveCfg = Release|Any CPU
		{82E22C98-E9E7-47ED-AE84-1D430DEC0B57}.Release|Any CPU.Build.0 = Release|Any CPU
		{098C0847-91A7-443D-9445-243E9D76DD36}.Debug|Any CPU.ActiveCfg = Debug|Any CPU
		{098C0847-91A7-443D-9445-243E9D76DD36}.Debug|Any CPU.Build.0 = Debug|Any CPU
		{098C0847-91A7-443D-9445-243E9D76DD36}.Release|Any CPU.ActiveCfg = Release|Any CPU
		{098C0847-91A7-443D-9445-243E9D76DD36}.Release|Any CPU.Build.0 = Release|Any CPU
		{7858911C-BA95-48FD-800B-77AECAAE1540}.Debug|Any CPU.ActiveCfg = Debug|Any CPU
		{7858911C-BA95-48FD-800B-77AECAAE1540}.Debug|Any CPU.Build.0 = Debug|Any CPU
		{7858911C-BA95-48FD-800B-77AECAAE1540}.Release|Any CPU.ActiveCfg = Release|Any CPU
		{7858911C-BA95-48FD-800B-77AECAAE1540}.Release|Any CPU.Build.0 = Release|Any CPU
		{C3B64FA0-140E-40EA-8DBD-DC73649F7992}.Debug|Any CPU.ActiveCfg = Debug|Any CPU
		{C3B64FA0-140E-40EA-8DBD-DC73649F7992}.Debug|Any CPU.Build.0 = Debug|Any CPU
		{C3B64FA0-140E-40EA-8DBD-DC73649F7992}.Release|Any CPU.ActiveCfg = Release|Any CPU
		{C3B64FA0-140E-40EA-8DBD-DC73649F7992}.Release|Any CPU.Build.0 = Release|Any CPU
		{02BE6C64-E3B9-408C-91E6-3654E1B40F24}.Debug|Any CPU.ActiveCfg = Debug|Any CPU
		{02BE6C64-E3B9-408C-91E6-3654E1B40F24}.Debug|Any CPU.Build.0 = Debug|Any CPU
		{02BE6C64-E3B9-408C-91E6-3654E1B40F24}.Release|Any CPU.ActiveCfg = Release|Any CPU
		{02BE6C64-E3B9-408C-91E6-3654E1B40F24}.Release|Any CPU.Build.0 = Release|Any CPU
		{36B337FD-D330-4437-8EF0-7FD86EC48728}.Debug|Any CPU.ActiveCfg = Debug|Any CPU
		{36B337FD-D330-4437-8EF0-7FD86EC48728}.Debug|Any CPU.Build.0 = Debug|Any CPU
		{36B337FD-D330-4437-8EF0-7FD86EC48728}.Release|Any CPU.ActiveCfg = Release|Any CPU
		{36B337FD-D330-4437-8EF0-7FD86EC48728}.Release|Any CPU.Build.0 = Release|Any CPU
		{CA57979F-F997-44BC-B678-272E8C48E7A4}.Debug|Any CPU.ActiveCfg = Debug|Any CPU
		{CA57979F-F997-44BC-B678-272E8C48E7A4}.Debug|Any CPU.Build.0 = Debug|Any CPU
		{CA57979F-F997-44BC-B678-272E8C48E7A4}.Release|Any CPU.ActiveCfg = Release|Any CPU
		{CA57979F-F997-44BC-B678-272E8C48E7A4}.Release|Any CPU.Build.0 = Release|Any CPU
		{C9E95C7F-9690-4423-A137-6DBAB5124997}.Debug|Any CPU.ActiveCfg = Debug|Any CPU
		{C9E95C7F-9690-4423-A137-6DBAB5124997}.Debug|Any CPU.Build.0 = Debug|Any CPU
		{C9E95C7F-9690-4423-A137-6DBAB5124997}.Release|Any CPU.ActiveCfg = Release|Any CPU
		{C9E95C7F-9690-4423-A137-6DBAB5124997}.Release|Any CPU.Build.0 = Release|Any CPU
		{8D3D5D0F-DE97-4675-94F6-3D4648B1523D}.Debug|Any CPU.ActiveCfg = Debug|Any CPU
		{8D3D5D0F-DE97-4675-94F6-3D4648B1523D}.Debug|Any CPU.Build.0 = Debug|Any CPU
		{8D3D5D0F-DE97-4675-94F6-3D4648B1523D}.Release|Any CPU.ActiveCfg = Release|Any CPU
		{8D3D5D0F-DE97-4675-94F6-3D4648B1523D}.Release|Any CPU.Build.0 = Release|Any CPU
		{2B96011B-9361-4D78-B021-4F63F6D5C352}.Debug|Any CPU.ActiveCfg = Debug|Any CPU
		{2B96011B-9361-4D78-B021-4F63F6D5C352}.Debug|Any CPU.Build.0 = Debug|Any CPU
		{2B96011B-9361-4D78-B021-4F63F6D5C352}.Release|Any CPU.ActiveCfg = Release|Any CPU
		{2B96011B-9361-4D78-B021-4F63F6D5C352}.Release|Any CPU.Build.0 = Release|Any CPU
		{524200F3-330F-4AE3-BB78-C00D6DFADDDB}.Debug|Any CPU.ActiveCfg = Debug|Any CPU
		{524200F3-330F-4AE3-BB78-C00D6DFADDDB}.Debug|Any CPU.Build.0 = Debug|Any CPU
		{524200F3-330F-4AE3-BB78-C00D6DFADDDB}.Release|Any CPU.ActiveCfg = Release|Any CPU
		{524200F3-330F-4AE3-BB78-C00D6DFADDDB}.Release|Any CPU.Build.0 = Release|Any CPU
		{F6ED0833-0C06-4E92-8E28-9B9BDACFACFA}.Debug|Any CPU.ActiveCfg = Debug|Any CPU
		{F6ED0833-0C06-4E92-8E28-9B9BDACFACFA}.Debug|Any CPU.Build.0 = Debug|Any CPU
		{F6ED0833-0C06-4E92-8E28-9B9BDACFACFA}.Release|Any CPU.ActiveCfg = Release|Any CPU
		{F6ED0833-0C06-4E92-8E28-9B9BDACFACFA}.Release|Any CPU.Build.0 = Release|Any CPU
		{57591D4A-DDA7-4C0D-9414-3382D7B0CAE2}.Debug|Any CPU.ActiveCfg = Debug|Any CPU
		{57591D4A-DDA7-4C0D-9414-3382D7B0CAE2}.Debug|Any CPU.Build.0 = Debug|Any CPU
		{57591D4A-DDA7-4C0D-9414-3382D7B0CAE2}.Release|Any CPU.ActiveCfg = Release|Any CPU
		{57591D4A-DDA7-4C0D-9414-3382D7B0CAE2}.Release|Any CPU.Build.0 = Release|Any CPU
	EndGlobalSection
	GlobalSection(SolutionProperties) = preSolution
		HideSolutionNode = FALSE
	EndGlobalSection
	GlobalSection(NestedProjects) = preSolution
		{B3EF7915-9744-4ABE-9F14-2EE9C7003D1C} = {02EA681E-C7D8-13C7-8484-4AC65E1B71E8}
		{82E22C98-E9E7-47ED-AE84-1D430DEC0B57} = {02EA681E-C7D8-13C7-8484-4AC65E1B71E8}
		{098C0847-91A7-443D-9445-243E9D76DD36} = {02EA681E-C7D8-13C7-8484-4AC65E1B71E8}
		{7858911C-BA95-48FD-800B-77AECAAE1540} = {C0443D3E-BE41-4AC2-B41D-1133E188DD08}
		{C3B64FA0-140E-40EA-8DBD-DC73649F7992} = {C0443D3E-BE41-4AC2-B41D-1133E188DD08}
		{02BE6C64-E3B9-408C-91E6-3654E1B40F24} = {C0443D3E-BE41-4AC2-B41D-1133E188DD08}
		{36B337FD-D330-4437-8EF0-7FD86EC48728} = {C22643E1-ADE3-4107-AB86-8C28D88D30AC}
		{CA57979F-F997-44BC-B678-272E8C48E7A4} = {B990D4A6-2F5D-46F6-8B0A-FA9C9849F931}
		{C9E95C7F-9690-4423-A137-6DBAB5124997} = {2FF57E31-F63F-4B26-9D17-301B6B094945}
		{8D3D5D0F-DE97-4675-94F6-3D4648B1523D} = {2FF57E31-F63F-4B26-9D17-301B6B094945}
		{2B96011B-9361-4D78-B021-4F63F6D5C352} = {2FF57E31-F63F-4B26-9D17-301B6B094945}
		{524200F3-330F-4AE3-BB78-C00D6DFADDDB} = {4454236F-F891-4594-8ACD-3EE3F5D3E355}
		{F6ED0833-0C06-4E92-8E28-9B9BDACFACFA} = {4454236F-F891-4594-8ACD-3EE3F5D3E355}
		{57591D4A-DDA7-4C0D-9414-3382D7B0CAE2} = {4454236F-F891-4594-8ACD-3EE3F5D3E355}
	EndGlobalSection
	GlobalSection(ExtensibilityGlobals) = postSolution
		SolutionGuid = {FBD6160F-0C00-4367-A66E-ED47C8F0295D}
	EndGlobalSection
EndGlobal
